
Microsoft Visual Studio Solution File, Format Version 12.00
# Visual Studio Version 17
VisualStudioVersion = 17.2.32630.192
MinimumVisualStudioVersion = 10.0.40219.1
Project("{FAE04EC0-301F-11D3-BF4B-00C04F79EFBC}") = "OOP1", "OOP1\OOP1.csproj", "{26672648-FCF0-43C4-B7D6-92981CD98994}"
EndProject
Global
	GlobalSection(SolutionConfigurationPlatforms) = preSolution
		Debug|Any CPU = Debug|Any CPU
		Release|Any CPU = Release|Any CPU
	EndGlobalSection
	GlobalSection(ProjectConfigurationPlatforms) = postSolution
		{26672648-FCF0-43C4-B7D6-92981CD98994}.Debug|Any CPU.ActiveCfg = Debug|Any CPU
		{26672648-FCF0-43C4-B7D6-92981CD98994}.Debug|Any CPU.Build.0 = Debug|Any CPU
		{26672648-FCF0-43C4-B7D6-92981CD98994}.Release|Any CPU.ActiveCfg = Release|Any CPU
		{26672648-FCF0-43C4-B7D6-92981CD98994}.Release|Any CPU.Build.0 = Release|Any CPU
	EndGlobalSection
	GlobalSection(SolutionProperties) = preSolution
		HideSolutionNode = FALSE
	EndGlobalSection
	GlobalSection(ExtensibilityGlobals) = postSolution
		SolutionGuid = {E3758B72-B963-489C-B942-EF0FD655B78B}
	EndGlobalSection
EndGlobal
